{
  "name": "viewport-audit",
  "version": "1.0.0",
  "lockfileVersion": 1,
  "requires": true,
  "dependencies": {
    "csv-stringify": {
      "version": "5.1.2",
      "resolved": "https://registry.npmjs.org/csv-stringify/-/csv-stringify-5.1.2.tgz",
      "integrity": "sha512-rvNEMy8IwVe/gnCjnF4a/3cxKPm8oaAZEBB8RIzlx9HcNrLrn3NlgacUIFZBRH86tKF76WVA13nkFF0mX7G2EQ==",
      "requires": {
        "lodash.get": "~4.4.2"
      }
    },
    "fs": {
      "version": "0.0.1-security",
      "resolved": "https://registry.npmjs.org/fs/-/fs-0.0.1-security.tgz",
      "integrity": "sha1-invTcYa23d84E/I4WLV+yq9eQdQ="
    },
    "lodash.get": {
      "version": "4.4.2",
      "resolved": "https://registry.npmjs.org/lodash.get/-/lodash.get-4.4.2.tgz",
      "integrity": "sha1-LRd/ZS+jHpObRDjVNBSZ36OCXpk="
    }
  }
}
